# This file is automatically @generated by Cargo.
# It is not intended for manual editing.
version = 3

[[package]]
name = "beryllium"
version = "0.9.0"
source = "registry+https://github.com/rust-lang/crates.io-index"
checksum = "10dcbc94fda678fb17f9315d2eee3989e9b418f31c1ff1c20074feda83768dab"
dependencies = [
 "bytemuck",
 "fermium",
 "objc",
]

[[package]]
name = "bytemuck"
version = "1.12.3"
source = "registry+https://github.com/rust-lang/crates.io-index"
checksum = "aaa3a8d9a1ca92e282c96a32d6511b695d7d994d1d102ba85d279f9b2756947f"

[[package]]
name = "fermium"
version = "22401.1.0"
source = "registry+https://github.com/rust-lang/crates.io-index"
checksum = "ae7c97dad10911043ee521c4ff88efc96949a277133f6f7994bafe8631a76045"

[[package]]
name = "gles31"
version = "1.0.1"
source = "registry+https://github.com/rust-lang/crates.io-index"
checksum = "e81b604a71575bcfd8a2a9eae06b9670e83cc350587cdde4d7cc0d563f231559"

[[package]]
name = "libc"
version = "0.2.137"
source = "registry+https://github.com/rust-lang/crates.io-index"
checksum = "fc7fcc620a3bff7cdd7a365be3376c97191aeaccc2a603e600951e452615bf89"

[[package]]
name = "malloc_buf"
version = "0.0.6"
source = "registry+https://github.com/rust-lang/crates.io-index"
checksum = "62bb907fe88d54d8d9ce32a3cceab4218ed2f6b7d35617cafe9adf84e43919cb"
dependencies = [
 "libc",
]

[[package]]
name = "objc"
version = "0.2.7"
source = "registry+https://github.com/rust-lang/crates.io-index"
checksum = "915b1b472bc21c53464d6c8461c9d3af805ba1ef837e1cac254428f4a77177b1"
dependencies = [
 "malloc_buf",
]

[[package]]
name = "safe_arch"
version = "0.6.0"
source = "registry+https://github.com/rust-lang/crates.io-index"
checksum = "794821e4ccb0d9f979512f9c1973480123f9bd62a90d74ab0f9426fcf8f4a529"
dependencies = [
 "bytemuck",
]

[[package]]
name = "thorium"
version = "0.5.0"
dependencies = [
 "beryllium",
 "bytemuck",
 "gles31",
 "ultraviolet",
]

[[package]]
name = "ultraviolet"
version = "0.9.0"
source = "registry+https://github.com/rust-lang/crates.io-index"
checksum = "bf2728f3858937f50df6d92b741f53ef8fd5b5ae23b03b73fb9ac891e980df3b"
dependencies = [
 "wide",
]

[[package]]
name = "wide"
version = "0.7.5"
source = "registry+https://github.com/rust-lang/crates.io-index"
checksum = "ae41ecad2489a1655c8ef8489444b0b113c0a0c795944a3572a0931cf7d2525c"
dependencies = [
 "bytemuck",
 "safe_arch",
]
